dependencies:
- name: superset
  repository: ""
  version: 0.3.12
- name: test-base
  repository: https://pluralsh.github.io/module-library
  version: 0.1.10
- name: postgres
  repository: https://pluralsh.github.io/module-library
  version: 0.1.12
digest: sha256:7f85d5c300da74b6370b374b911e9d46eb6ef9997dd593ea71bee85eb8eafc4b
generated: "2023-06-13T14:46:13.052832-04:00"
