dependencies:
- name: superset
  repository: ""
  version: 0.3.12
- name: test-base
  repository: https://pluralsh.github.io/module-library
  version: 0.1.3
- name: postgres
  repository: https://pluralsh.github.io/module-library
  version: 0.1.17
digest: sha256:f7345a2de7e98f8bbe6d3f220e8d534a11ccc1cf5f63af6564119f7a90d58491
generated: "2023-04-16T10:28:09.40713-04:00"
