dependencies:
- name: superset
  repository: http://apache.github.io/superset
  version: 0.10.1
- name: test-base
  repository: https://pluralsh.github.io/module-library
  version: 0.1.10
- name: postgres
  repository: https://pluralsh.github.io/module-library
  version: 0.2.1
digest: sha256:5a526b0df4c33d83cdae226c90d066318a06f4051dc552e74afcd29558c599e3
generated: "2023-06-15T13:45:58.305634+02:00"
