dependencies:
- name: postgres
  repository: https://pluralsh.github.io/module-library
  version: 0.1.5
- name: retool
  repository: https://charts.retool.com
  version: 6.0.0
digest: sha256:e9f0184bb0773073c0f1c8c6fb87edfd187534312cdd22e59bbc4bb99e869fda
generated: "2023-09-12T10:07:27.403885-04:00"
