dependencies:
- name: postgres
  repository: https://pluralsh.github.io/module-library
  version: 0.1.17
- name: retool
  repository: https://charts.retool.com
  version: 4.11.9
digest: sha256:807e21f0cceb1f2e02de5eab9fc042482560639a727a4cbdc1fe220b5865b7af
generated: "2023-04-16T10:27:03.435977-04:00"
