dependencies:
- name: postgres
  repository: https://pluralsh.github.io/module-library
  version: 0.1.5
- name: retool
  repository: https://charts.retool.com
  version: 6.1.0
digest: sha256:ac562982fb6e5e7f1062aeb83c225fa75c1b5fd75ae7b7baae23d9e3f0605823
generated: "2024-03-19T13:13:20.323522-04:00"
