artifact: {}
terraform:
  terraform/aws-bootstrap: h1:tI69XFFFdnYtnX7+WzfyqV8mr3GnYHwel1mcjItgQPM=
  terraform/azure-bootstrap: h1:3yGDpbkqjZX0PvsicrxyIA3YzisctWxcMAy7mx3+MOg=
  terraform/gcp-bootstrap: h1:bvEbqBD42Y5QH0W/h6iQbwm/j8YQkLSsVT4afSvPKtk=
  terraform/kube: h1:2VSsMe5CpTm5NWnVWzGWwD7RT48UXmvgM1/6D+P4xPE=
helm:
  helm/azure-identity: h1:z/P1XnNMlIq3wZHDM0+bJXQwkF3Oq+F3kOmBcUv3SZ8=
  helm/bootstrap: h1:DRDr4m60eIgBeeDiAGYJlJbUQR9Wn7rqvD6gPuvcy0w=
recipe:
  plural/recipes/aws-k8s.yaml: 9532186118eb2ae90adc0f484335ea5b93cde7f10551aab011e55b4b5ede10b4
  plural/recipes/azure-k8s.yaml: 4c80a85e8827dcbb05192c228ce3486a5f731a542a269b6f70ad10dfa45b6dfa
  plural/recipes/gcp-kubernetes.yaml: d8069d042e7de9928ef0969151ca3303f32d6a62e32006bb20a4b2851686b737
integration: {}
crd:
  plural/crds/application.yaml: c40bde3ad70c0d5aa3970a366ff742ba4a31ae40e0d256baf093d164c292abcf:h1:dBJSd9fVUBI9x6u6mzbALI3YjPkUOCuZ59EyJeTNH+o=
  plural/crds/azure-identity/azure-identity.yaml: b82b3c856cf8f494f098d5ee284586189371a05f42e8b52c3e64fa66f892d337:h1:z/P1XnNMlIq3wZHDM0+bJXQwkF3Oq+F3kOmBcUv3SZ8=
  plural/crds/bootstrap/application.yaml: c40bde3ad70c0d5aa3970a366ff742ba4a31ae40e0d256baf093d164c292abcf:h1:DRDr4m60eIgBeeDiAGYJlJbUQR9Wn7rqvD6gPuvcy0w=
  plural/crds/bootstrap/cert-manager.yaml: 480e2d25505769d0586897de792a5acdc2e37db3fd56ae497a846b98201b95aa:h1:DRDr4m60eIgBeeDiAGYJlJbUQR9Wn7rqvD6gPuvcy0w=
  plural/crds/bootstrap/crd-alertmanagerconfigs.yaml: 5963c384555c1df33649b702baaca461f90d29bd85e79278efcd2a8bfc35b08f:h1:hE1B/+oj6JRzc73XAUZPLB5ik/3nI9rUeTREO8b3r2w=
  plural/crds/bootstrap/crd-alertmanagers.yaml: f3a090783750a2a3a9579e58ad9d8a55d1a259631e72442d2cab1dfed44a5dc8:h1:hE1B/+oj6JRzc73XAUZPLB5ik/3nI9rUeTREO8b3r2w=
  plural/crds/bootstrap/crd-podmonitors.yaml: 24602712a33e7dcf2cc1a03729f038b4615d60570312ab3dbd9b97bac34724a6:h1:hE1B/+oj6JRzc73XAUZPLB5ik/3nI9rUeTREO8b3r2w=
  plural/crds/bootstrap/crd-probes.yaml: cae7a602b2dd6a135995f853d45dc696d05de2f4821dcd7c7fad4440a5b07ecd:h1:hE1B/+oj6JRzc73XAUZPLB5ik/3nI9rUeTREO8b3r2w=
  plural/crds/bootstrap/crd-prometheuses.yaml: 6c716f914f0c7dcf47b1219dd13aee1037e9aeeae77796a06c66c4e27a8c8c59:h1:hE1B/+oj6JRzc73XAUZPLB5ik/3nI9rUeTREO8b3r2w=
  plural/crds/bootstrap/crd-prometheusrules.yaml: 01fad1fba04d83291926c56476d8bb02cb562a77fd086231d83207814c0b6a35:h1:hE1B/+oj6JRzc73XAUZPLB5ik/3nI9rUeTREO8b3r2w=
  plural/crds/bootstrap/crd-servicemonitors.yaml: 6757cd2407af0a38f9e93e9c57101c0fd405e4cb27abfe7028e6028d9249967d:h1:hE1B/+oj6JRzc73XAUZPLB5ik/3nI9rUeTREO8b3r2w=
  plural/crds/bootstrap/crd-thanosrulers.yaml: 27c76c395937a96ccde2e9c188aead0a954687c8c80cfcb163017d23fb55c0da:h1:hE1B/+oj6JRzc73XAUZPLB5ik/3nI9rUeTREO8b3r2w=
  plural/crds/bootstrap/monitoring.coreos.com_alertmanagerconfigs.yaml: 7fb332f1df198ba28527590e833bcd4477242bbc776c0da1c2ad38b0fd6b1349:h1:DRDr4m60eIgBeeDiAGYJlJbUQR9Wn7rqvD6gPuvcy0w=
  plural/crds/bootstrap/monitoring.coreos.com_alertmanagers.yaml: 40b420bcecf3df92ebeb3714bfc158c8be8bfbe3cbccf937d58507070dc289bf:h1:DRDr4m60eIgBeeDiAGYJlJbUQR9Wn7rqvD6gPuvcy0w=
  plural/crds/bootstrap/monitoring.coreos.com_podmonitors.yaml: caa9a5ff6a56488a7822eef700622669d750752b8b4147ddeb97579f4d118576:h1:DRDr4m60eIgBeeDiAGYJlJbUQR9Wn7rqvD6gPuvcy0w=
  plural/crds/bootstrap/monitoring.coreos.com_probes.yaml: 54eebeddc62130eedd129ca51d20b35c9dbef9203715998a4f7478a5ea889acb:h1:DRDr4m60eIgBeeDiAGYJlJbUQR9Wn7rqvD6gPuvcy0w=
  plural/crds/bootstrap/monitoring.coreos.com_prometheuses.yaml: 70b15f8b5a00e30c0c79a74ff9f4018e351c5ba3140293aff1ba4511f00365df:h1:DRDr4m60eIgBeeDiAGYJlJbUQR9Wn7rqvD6gPuvcy0w=
  plural/crds/bootstrap/monitoring.coreos.com_prometheusrules.yaml: 5121079bf1d6a0b8b6fd827ccc6043422144251b5cf62cd2be94b7a042bbf2a0:h1:DRDr4m60eIgBeeDiAGYJlJbUQR9Wn7rqvD6gPuvcy0w=
  plural/crds/bootstrap/monitoring.coreos.com_servicemonitors.yaml: 02833fc138285318340a0c12dbe87f92902c9f5a9131adbd84b38a83f9ccf28e:h1:DRDr4m60eIgBeeDiAGYJlJbUQR9Wn7rqvD6gPuvcy0w=
  plural/crds/bootstrap/monitoring.coreos.com_thanosrulers.yaml: cc3e68514544842b001b950cd52a4a4be30908309db5481f0c71b7cdb12ffd55:h1:DRDr4m60eIgBeeDiAGYJlJbUQR9Wn7rqvD6gPuvcy0w=
  plural/crds/bootstrap/platform.plural.sh_dashboards.yaml: 60d8eb498781a9eaed10516e37ede2ffd2eceaad9a8499992af5589ac1966dec:h1:DRDr4m60eIgBeeDiAGYJlJbUQR9Wn7rqvD6gPuvcy0w=
  plural/crds/bootstrap/platform.plural.sh_logfilters.yaml: 9f2d19387d619c4152b750df7b2d44c38042a9a1d95375b08583efec08d1aa38:h1:DRDr4m60eIgBeeDiAGYJlJbUQR9Wn7rqvD6gPuvcy0w=
  plural/crds/bootstrap/platform.plural.sh_logtails.yaml: f60837d260185254ca5fd1a393686204d38edfe1daf9c9404d34cb056f4ad566:h1:DRDr4m60eIgBeeDiAGYJlJbUQR9Wn7rqvD6gPuvcy0w=
  plural/crds/bootstrap/platform.plural.sh_proxies.yaml: f2a733b0ddc1c4f4fe5b6da0af6fcf876890a2dbe917ce4483fdc511489ec7cd:h1:DRDr4m60eIgBeeDiAGYJlJbUQR9Wn7rqvD6gPuvcy0w=
  plural/crds/bootstrap/platform.plural.sh_secretsyncs.yaml: d15ac11f6383a7f48b36a216e0c0c8808bcfee44781b8cc59f29fb328c1e22ba:h1:DRDr4m60eIgBeeDiAGYJlJbUQR9Wn7rqvD6gPuvcy0w=
  plural/crds/bootstrap/platform.plural.sh_slashcommands.yaml: 52e82b7d67526be8b09b1548422f26f48c7b526ef2544442f91e8e1c007eb4f4:h1:DRDr4m60eIgBeeDiAGYJlJbUQR9Wn7rqvD6gPuvcy0w=
  plural/crds/bootstrap/targetgroupbinding.yaml: 59ee819aa43cd9b2fc714869b88ab01801e29f394cda26264a0bdf496482797b:h1:DRDr4m60eIgBeeDiAGYJlJbUQR9Wn7rqvD6gPuvcy0w=
  plural/crds/cert-manager.yaml: 480e2d25505769d0586897de792a5acdc2e37db3fd56ae497a846b98201b95aa:h1:dBJSd9fVUBI9x6u6mzbALI3YjPkUOCuZ59EyJeTNH+o=
  plural/crds/platform.plural.sh_dashboards.yaml: 60d8eb498781a9eaed10516e37ede2ffd2eceaad9a8499992af5589ac1966dec:h1:dBJSd9fVUBI9x6u6mzbALI3YjPkUOCuZ59EyJeTNH+o=
  plural/crds/platform.plural.sh_logfilters.yaml: 9f2d19387d619c4152b750df7b2d44c38042a9a1d95375b08583efec08d1aa38:h1:dBJSd9fVUBI9x6u6mzbALI3YjPkUOCuZ59EyJeTNH+o=
  plural/crds/platform.plural.sh_proxies.yaml: 5563b8297ed7a78c978afadfe007c34c1c949408535425b12576d14a33344830:h1:dBJSd9fVUBI9x6u6mzbALI3YjPkUOCuZ59EyJeTNH+o=
  plural/crds/platform.plural.sh_slashcommands.yaml: 52e82b7d67526be8b09b1548422f26f48c7b526ef2544442f91e8e1c007eb4f4:h1:dBJSd9fVUBI9x6u6mzbALI3YjPkUOCuZ59EyJeTNH+o=
  plural/crds/targetgroupbinding.yaml: 59ee819aa43cd9b2fc714869b88ab01801e29f394cda26264a0bdf496482797b:h1:dBJSd9fVUBI9x6u6mzbALI3YjPkUOCuZ59EyJeTNH+o=
ird: {}
tag:
  plural/tags/helm/azure-identity.yml: 151e722da1c35223b438ad74fc9bd5cb233f6286aea5503b65c3fd1626053cf3
  plural/tags/helm/bootstrap.yml: ebebcb614cdcc3eee3147d9167fedc7917372b1da3f0a63ab1ab8df69ee961c5
  plural/tags/terraform/aws-bootstrap.yml: ed3c46edce2bfa9547b9a7b3ca4869619177da5779d620d65415756d70f585ea
  plural/tags/terraform/azure-bootstrap.yml: f6508ff83bc4d8dcd270253250ad9f11aa67b89e38537386051e6fdb7a9301b4
  plural/tags/terraform/gcp-bootstrap.yml: 706154868c9fc77df5a7f407c185b3f582986d30c18db41d4b64ba9387c450f3
