artifact: {}
terraform:
  terraform/aws-bootstrap: h1:B7ryr0QVlwHdJxh7QKWMY1IlciBSwpblBdYsueUvnaw=
  terraform/gcp-bootstrap: h1:L6lj+NlY69g/56+HYBVKkKp1nqfJ3ja8s72Irmn0+Co=
  terraform/kube: h1:2VSsMe5CpTm5NWnVWzGWwD7RT48UXmvgM1/6D+P4xPE=
helm:
  helm/bootstrap: h1:07c97CrZNV+sBzx6E6VN40lwO/CqfUD8/HgaG26i26M=
recipe:
  plural/recipes/aws-k8s.yaml: 309d76cd5b35ff5dea9d5b398dc82dee40bcb9e76da5133885441a19afdfa69b
  plural/recipes/gcp-kubernetes.yaml: 4bd0bc92539465271770551498626b162646055ddf007e78342f35fe11a96399
integration: {}
crd:
  plural/crds/application.yaml: c40bde3ad70c0d5aa3970a366ff742ba4a31ae40e0d256baf093d164c292abcf
  plural/crds/cert-manager.yaml: 480e2d25505769d0586897de792a5acdc2e37db3fd56ae497a846b98201b95aa
  plural/crds/platform.plural.sh_dashboards.yaml: 60d8eb498781a9eaed10516e37ede2ffd2eceaad9a8499992af5589ac1966dec
  plural/crds/platform.plural.sh_logfilters.yaml: 9f2d19387d619c4152b750df7b2d44c38042a9a1d95375b08583efec08d1aa38
  plural/crds/platform.plural.sh_proxies.yaml: 5563b8297ed7a78c978afadfe007c34c1c949408535425b12576d14a33344830
  plural/crds/platform.plural.sh_slashcommands.yaml: 52e82b7d67526be8b09b1548422f26f48c7b526ef2544442f91e8e1c007eb4f4
  plural/crds/targetgroupbinding.yaml: 59ee819aa43cd9b2fc714869b88ab01801e29f394cda26264a0bdf496482797b
ird: {}
