dependencies:
- name: postgres
  repository: https://pluralsh.github.io/module-library
  version: 0.1.5
- name: mageai
  repository: https://mage-ai.github.io/helm-charts
  version: 0.1.4
digest: sha256:85b3a36cafc18f811f99fceabc7ce5ee791d0994a10d03213979321a57a6e1e7
generated: "2023-10-04T22:26:18.459861143-07:00"
