dependencies:
- name: postgres
  repository: https://pluralsh.github.io/module-library
  version: 0.1.17
- name: hydra
  repository: https://k8s.ory.sh/helm/charts
  version: 0.21.7
digest: sha256:36b2a4b81b9301af2d7e7b9b05c0e485b126dabea9d3723ab091963e079a457c
generated: "2023-04-17T21:46:40.696377-04:00"
