artifact: {}
terraform:
  terraform/aws: h1:Jc3g/USR0K0GIRTt0kkV2LvzHp/8gErHbDvwUd7twQo=
helm:
  helm/oauth2-proxy: h1:3qDFkb97vzXSkajdCZ3owR1bqE7qE8qYt4uspTEplqY=
recipe:
  plural/recipes/oauth2-proxy-aws.yaml: 6ab83845cd01bec126e67c25736cfebdf2f0b8a024eb4af57c492d0f02b8f1e3
integration: {}
crd: {}
ird: {}
tag:
  plural/tags/helm/oauth2-proxy.yaml: f8da2620216dc9f13edfd8b8da7162031e966bdfa05a3c99dac5fe5cabb6d4db
  plural/tags/terraform/aws.yaml: 01c402c260cc7fe359d1ebc4302ff11539cfabbd5a82745907ad445914153bb7
