artifact: {}
terraform:
  terraform/aws: h1:Jc3g/USR0K0GIRTt0kkV2LvzHp/8gErHbDvwUd7twQo=
helm:
  helm/oauth2-proxy: h1:95cUCpQIDc5m8k8LH7hE6F0tZc2MQ2iCpUO9/er+wVU=
recipe:
  plural/recipes/oauth2-proxy-aws.yaml: 236ee5098db1cf1eb2fe6b244ea8d50fc654ddc5aa625bcdaa6d45398c212eb3
integration: {}
crd: {}
ird: {}
tag:
  plural/tags/helm/oauth2-proxy.yaml: f8da2620216dc9f13edfd8b8da7162031e966bdfa05a3c99dac5fe5cabb6d4db
  plural/tags/terraform/aws.yaml: 01c402c260cc7fe359d1ebc4302ff11539cfabbd5a82745907ad445914153bb7
