dependencies:
- name: kuberay-operator
  repository: https://ray-project.github.io/kuberay
  version: 0.3.0
- name: ray-cluster
  repository: https://kevin85421.github.io/kuberay/
  version: 0.3.0
digest: sha256:d98e4564868924f3651338cfd32e204d18296e851c77c5aa56533d20a72ca578
generated: "2022-09-14T10:45:34.158517+03:00"
