dependencies:
- name: prefect-agent
  repository: https://prefecthq.github.io/prefect-helm
  version: 2023.06.01
- name: test-base
  repository: https://pluralsh.github.io/module-library
  version: 0.1.10
digest: sha256:e88cddb0d493910bba2504898f763a4bf5d6dd08a6dc3d65ff288b3da6c10950
generated: "2023-06-14T11:41:12.851339-04:00"
