artifact: {}
terraform:
  terraform/aws: h1:A0v0ZQCsR7YlPoO1WotZC1yPSBsri+cwaPULoi7Ek7M=
  terraform/azure: h1:SR1TElBo0OmA7cEKisckG+9IXmdDQKhSvqyewu4nb0Q=
  terraform/gcp: h1:IE8CvtV7WiP+4jGRrvzPvky2ZugiuwKwFRvuz6n3gbM=
helm:
  helm/influx: h1:rgUnRJMzSxMFeZigHz+CKnSii8IaObVQM1AyfhwEFJc=
recipe:
  plural/recipes/influx-aws.yaml: f98595679aafcd0e8ebfebcda1e2857511ebf40242c31aa154515b1a8e415600
  plural/recipes/influx-azure.yaml: 91026ee056853955573f2a7b1372d0220a1f2871c8038e89aeab890c30048104
  plural/recipes/influx-gcp.yaml: 456ddcd96014da401dd878eb86a3a04b986c58d4017832090b006c215f97e75c
integration: {}
crd: {}
ird: {}
tag:
  plural/tags/helm/influx.yaml: aba302399de0ba1209bf57062ff137a1aabb7f174cbfea01e08a0be0706592de
  plural/tags/terraform/aws.yaml: 01c402c260cc7fe359d1ebc4302ff11539cfabbd5a82745907ad445914153bb7
  plural/tags/terraform/azure.yaml: 86b17dc5dcbc7d877dddbda68b790231f9f7eaa025d00471360108ccd5f42a07
  plural/tags/terraform/gcp.yaml: 3761f7e078206cf85f48969d231071adfb3b68ee68b7c68a2b50045e896a3288
attrs:
  repository.yaml_Plural: PlUkF4z-FF5hbUXV9T1H4S74aKr-Eb44nkzfocWMvQ4=
