artifact: {}
terraform:
  terraform/aws: h1:A0v0ZQCsR7YlPoO1WotZC1yPSBsri+cwaPULoi7Ek7M=
  terraform/azure: h1:SR1TElBo0OmA7cEKisckG+9IXmdDQKhSvqyewu4nb0Q=
  terraform/gcp: h1:IE8CvtV7WiP+4jGRrvzPvky2ZugiuwKwFRvuz6n3gbM=
helm:
  helm/influx: h1:6x7lKb0ekTg3BElzuuvCGeOMWmCe8CxoGdgVfg+84pU=
recipe:
  plural/recipes/influx-aws.yaml: 504928d79b52b9ceba691f382e018c01f3a2dd160978f7998acc52b68656b86c
  plural/recipes/influx-azure.yaml: bdef63d64ed34401cd87cb8b4590d1aca91e4ebbc49b89d97c0b1a8e52da59fb
  plural/recipes/influx-gcp.yaml: 99b25e346348b5b5e2cabad7e39ebc8cf4b27883978db34c6955e2143b8655f0
integration: {}
crd: {}
ird: {}
tag:
  plural/tags/helm/influx.yaml: aba302399de0ba1209bf57062ff137a1aabb7f174cbfea01e08a0be0706592de
  plural/tags/terraform/aws.yaml: 01c402c260cc7fe359d1ebc4302ff11539cfabbd5a82745907ad445914153bb7
  plural/tags/terraform/azure.yaml: 86b17dc5dcbc7d877dddbda68b790231f9f7eaa025d00471360108ccd5f42a07
  plural/tags/terraform/gcp.yaml: 3761f7e078206cf85f48969d231071adfb3b68ee68b7c68a2b50045e896a3288
attrs:
  repository.yaml_Plural: PlUkF4z-FF5hbUXV9T1H4S74aKr-Eb44nkzfocWMvQ4=
