dependencies:
- name: postgres
  repository: https://pluralsh.github.io/module-library
  version: 0.2.1
- name: temporal
  repository: https://pluralsh.github.io/plural-helm-charts
  version: 0.27.0
digest: sha256:0c60d28b4cdcdf25a3c374733d2eee5ad8d9e1d5d93ea3fe53eaf99ae8a8d848
generated: "2023-09-11T15:21:43.624619-04:00"
