dependencies:
- name: postgres
  repository: https://pluralsh.github.io/module-library
  version: 0.1.7
- name: oidc-config
  repository: https://pluralsh.github.io/module-library
  version: 0.1.6
digest: sha256:9437fd29aa7d5a95ac5fe365d7ef7e8d5a4fc5c26d31d546d9ad0519895f96a1
generated: "2022-10-20T17:05:19.882466+02:00"
