dependencies:
- name: postgres
  repository: https://pluralsh.github.io/module-library
  version: 0.1.5
- name: oidc-config
  repository: https://pluralsh.github.io/module-library
  version: 0.1.6
digest: sha256:7030b7705752817c5bdb7d71b8ff558cae5ad6204e3b7b588916489f9147cd85
generated: "2022-07-28T17:03:49.705024344+02:00"
