dependencies:
- name: posthog
  repository: https://posthog.github.io/charts-clickhouse/
  version: 30.2.4
- name: postgres
  repository: https://pluralsh.github.io/module-library
  version: 0.1.13
digest: sha256:a1fe949137d910caf97fcc32caa2e4fec9837b6ffe042b8dc424f9cdbcd829aa
generated: "2022-12-20T12:44:01.857273+01:00"
