dependencies:
- name: posthog
  repository: https://pluralsh.github.io/plural-helm-charts
  version: 30.3.6
- name: postgres
  repository: https://pluralsh.github.io/module-library
  version: 0.2.1
digest: sha256:f3c68de411bd8793406a6424ab7db9ded76823d4dbff25a7ada319a136b0115d
generated: "2023-06-07T10:49:07.500565+02:00"
