dependencies:
- name: lightdash
  repository: https://lightdash.github.io/helm-charts
  version: 0.7.3
- name: postgres
  repository: https://pluralsh.github.io/module-library
  version: 0.1.17
digest: sha256:bc4bedaebb503768142d67c33caad9399582aca1dab320601b2096f2fdd9d50c
generated: "2023-05-02T13:36:59.814547882Z"
