artifact: {}
terraform:
  terraform/aws: h1:ut84MIyVdGUE/BIIQynRw+EuijVSoVCyC8jRdnefZQo=
  terraform/azure: h1:LxAVmyPQv9kulMIz47d0PFtp6+fa/QV7aWByihAZZvw=
  terraform/gcp: h1:295satadj4SX2IxkTD+6zE2tRzEENiROPwwngIniA40=
helm:
  helm/monitoring: h1:733mlL7V0oq/HgdeDHOECfBNAXVjK/YUr3YlEHzTgn0=
recipe:
  plural/recipes/monitoring-aws.yaml: c30165006585713f5e83880d34e89d8e8d1452fe913c2f9c11655858080de089
  plural/recipes/monitoring-azure.yaml: c5dae316889c541811339d6a0589f96e6c8c7a6b52be507aebbf4a041038309a
  plural/recipes/monitoring-gcp.yaml: c6c262fe8376647a3f45ff9f84b6ab9c042c1c6a077492a5562ca4ebc59845f8
integration: {}
crd:
  plural/crds/monitoring/monitoring.coreos.com_alertmanagerconfigs.yaml: 7fb332f1df198ba28527590e833bcd4477242bbc776c0da1c2ad38b0fd6b1349:h1:733mlL7V0oq/HgdeDHOECfBNAXVjK/YUr3YlEHzTgn0=
  plural/crds/monitoring/monitoring.coreos.com_alertmanagers.yaml: 40b420bcecf3df92ebeb3714bfc158c8be8bfbe3cbccf937d58507070dc289bf:h1:733mlL7V0oq/HgdeDHOECfBNAXVjK/YUr3YlEHzTgn0=
  plural/crds/monitoring/monitoring.coreos.com_podmonitors.yaml: caa9a5ff6a56488a7822eef700622669d750752b8b4147ddeb97579f4d118576:h1:733mlL7V0oq/HgdeDHOECfBNAXVjK/YUr3YlEHzTgn0=
  plural/crds/monitoring/monitoring.coreos.com_probes.yaml: 54eebeddc62130eedd129ca51d20b35c9dbef9203715998a4f7478a5ea889acb:h1:733mlL7V0oq/HgdeDHOECfBNAXVjK/YUr3YlEHzTgn0=
  plural/crds/monitoring/monitoring.coreos.com_prometheuses.yaml: 70b15f8b5a00e30c0c79a74ff9f4018e351c5ba3140293aff1ba4511f00365df:h1:733mlL7V0oq/HgdeDHOECfBNAXVjK/YUr3YlEHzTgn0=
  plural/crds/monitoring/monitoring.coreos.com_prometheusrules.yaml: 5121079bf1d6a0b8b6fd827ccc6043422144251b5cf62cd2be94b7a042bbf2a0:h1:733mlL7V0oq/HgdeDHOECfBNAXVjK/YUr3YlEHzTgn0=
  plural/crds/monitoring/monitoring.coreos.com_servicemonitors.yaml: 02833fc138285318340a0c12dbe87f92902c9f5a9131adbd84b38a83f9ccf28e:h1:733mlL7V0oq/HgdeDHOECfBNAXVjK/YUr3YlEHzTgn0=
  plural/crds/monitoring/monitoring.coreos.com_thanosrulers.yaml: cc3e68514544842b001b950cd52a4a4be30908309db5481f0c71b7cdb12ffd55:h1:733mlL7V0oq/HgdeDHOECfBNAXVjK/YUr3YlEHzTgn0=
  plural/crds/monitoring/platform.plural.sh_proxies.yaml: 9c74ac46df18b3a1b2fbdc1ce595645f859e735a633a6000dbb4977d804e2e6f:h1:733mlL7V0oq/HgdeDHOECfBNAXVjK/YUr3YlEHzTgn0=
ird: {}
tag:
  plural/tags/helm/monitoring.yaml: d82c5583a078b9026248917783f556577cb6cb80606d08dea4e0a43a60751a03
  plural/tags/terraform/aws.yaml: 01c402c260cc7fe359d1ebc4302ff11539cfabbd5a82745907ad445914153bb7
  plural/tags/terraform/azure.yaml: 86b17dc5dcbc7d877dddbda68b790231f9f7eaa025d00471360108ccd5f42a07
  plural/tags/terraform/gcp.yaml: 3761f7e078206cf85f48969d231071adfb3b68ee68b7c68a2b50045e896a3288
