dependencies:
- name: strimzi-kafka-operator
  repository: https://strimzi.io/charts/
  version: 0.35.0
- name: schema-registry
  repository: oci://registry-1.docker.io/bitnamicharts
  version: 11.0.0
digest: sha256:c25c1a94c79963cea66b7edece3d9319a19b4c70ded2c18742b14bea740520a9
generated: "2023-05-26T15:58:47.076638+02:00"
