dependencies:
- name: strimzi-kafka-operator
  repository: https://strimzi.io/charts/
  version: 0.24.0
- name: schema-registry
  repository: https://charts.bitnami.com/bitnami
  version: 5.1.7
digest: sha256:d4a4db89b39f401843e93d471365714bbc3ef5403ecb9760dc4c50e9035255b3
generated: "2022-10-06T12:14:04.012046+02:00"
