dependencies:
- name: postgres
  repository: https://pluralsh.github.io/module-library
  version: 0.1.17
- name: sonarqube
  repository: https://SonarSource.github.io/helm-chart-sonarqube
  version: 10.0.0+521
digest: sha256:fe7a1bd4d1dfe74f2dd885d510680c76be24af47938d952f13572ffa2850e684
generated: "2023-04-16T10:55:45.531458-04:00"
