artifact: {}
terraform:
  terraform/aws: h1:xP5G3QcnmuoSikmE16sqksbErCMjVd7IRMsVslQGiD8=
  terraform/azure: h1:fu3ccCfQ8RVG8h3sri9r/8gDdwgnCsxf0qLF3od+J3w=
  terraform/gcp: h1:kVk8wnq85D6o56XBBZSfvk6YRXj3BYHpa+nVAdcRkL0=
helm:
  helm/grafana: h1:HGjhFFjz8tHNLMGUPLil8yWZreUi3rnzvUTI221SFcI=
recipe:
  plural/recipes/aws-grafana.yaml: ecdad4b2d56904d8a48b79fc67c44bb5debc3e0f574efe94613e7523bb4d4cdd
  plural/recipes/azure-grafana.yaml: 79ae4d87b5c10602309efdd4773244bc4ceba7295f33c82bec8cdec04a2ceaad
  plural/recipes/gcp-grafana.yaml: f468b0df09212023fd021de6437ab60a44b58df27c727104d8afd42a331643df
integration: {}
crd: {}
ird: {}
tag:
  plural/tags/helm/grafana.yml: d2a304121a946ffc12db50eb6a37417085284e60543ed8e854f7963622e55e6d
  plural/tags/terraform/aws.yml: b46befb9716e1f9ef21cec5ba614f4b1f039438af71c8e039140fdd64a67bb3d
  plural/tags/terraform/azure.yml: eb86a8273f31bda3c64704756f7d5d1c99c82ef048cf9b869c4be01f99a7431f
  plural/tags/terraform/gcp.yml: a5f9d2f77756067979a97968c715feb2a5c509805ee07a86aa32121e56ac976b
attrs:
  repository.yaml_Plural: T3l5xijhFj8v0BHQEEhpptRMmmzNIBkeiZ0lzmJ-MzQ=
