dependencies:
- name: kube-prometheus-stack
  repository: https://prometheus-community.github.io/helm-charts
  version: 17.1.3
- name: loki
  repository: https://grafana.github.io/helm-charts
  version: 2.5.3
- name: promtail
  repository: https://grafana.github.io/helm-charts
  version: 3.6.1
- name: opentelemetry-operator
  repository: https://pluralsh.github.io/plural-helm-charts
  version: 0.3.4
- name: vpa
  repository: https://charts.fairwinds.com/stable
  version: 0.4.2
digest: sha256:d2def6272f8819c1b4345499e43cf859d4ebbc82cf1c38026ae1002157de8d58
generated: "2021-11-18T00:42:02.547594937Z"
