dependencies:
- name: kube-prometheus-stack
  repository: https://prometheus-community.github.io/helm-charts
  version: 34.9.0
- name: loki
  repository: https://grafana.github.io/helm-charts
  version: 2.9.1
- name: promtail
  repository: https://grafana.github.io/helm-charts
  version: 3.11.0
- name: opentelemetry-operator
  repository: https://pluralsh.github.io/plural-helm-charts
  version: 0.3.4
- name: vpa
  repository: https://charts.fairwinds.com/stable
  version: 0.4.2
digest: sha256:2a21ee7a335102fae212c1efb0f6930dabf997dd47ae2c619d9317d57b0f61aa
generated: "2022-04-06T15:27:27.855809727Z"
