dependencies:
- name: kube-prometheus-stack
  repository: https://prometheus-community.github.io/helm-charts
  version: 17.1.0
- name: loki
  repository: https://grafana.github.io/helm-charts
  version: 2.5.3
- name: promtail
  repository: https://grafana.github.io/helm-charts
  version: 3.6.1
- name: opentelemetry-operator
  repository: https://pluralsh.github.io/plural-helm-charts
  version: 0.3.4
digest: sha256:823647f81ea4aaec830d6b529fc696ad64d1b4a54884f25cfdc79c3f11db9dc7
generated: "2021-10-04T13:53:03.443854285+02:00"
