dependencies:
- name: postgres
  repository: https://pluralsh.github.io/module-library
  version: 0.1.17
- name: kratos
  repository: https://k8s.ory.sh/helm/charts
  version: 0.21.8
digest: sha256:fbe95e49e766c6fec22431b38dd5fd6e763346190a5a48311fcb2805d913dfde
generated: "2023-04-17T21:47:35.642907-04:00"
