dependencies:
- name: yugabyte
  repository: https://pluralsh.github.io/plural-helm-charts
  version: 2.15.3
- name: oidc-config
  repository: https://pluralsh.github.io/module-library
  version: 0.1.6
digest: sha256:64887b0a80b047e8bcde922ab615bedcf2c45dee9dd7d9f2a05a43fbdb383dd1
generated: "2022-07-27T17:20:17.46830187+02:00"
