dependencies:
- name: chronograf
  repository: https://helm.influxdata.com/
  version: 1.1.24
- name: kapacitor
  repository: file://../../../../influxdata-helm-charts/charts/kapacitor
  version: 1.3.3
- name: telegraf-ds
  repository: https://helm.influxdata.com/
  version: 1.0.22
- name: telegraf
  repository: https://helm.influxdata.com/
  version: 1.8.4
- name: telegraf-operator
  repository: https://helm.influxdata.com/
  version: 1.3.0
- name: influxdb
  repository: https://helm.influxdata.com/
  version: 4.10.0
digest: sha256:b29961fa368153bc272b83693b7e98d9245ebae51f7ccae923210353ca8248b1
generated: "2021-09-23T20:22:33.396637-04:00"
