dependencies:
- name: elasticsearch
  repository: https://helm.elastic.co
  version: 7.17.3
- name: kafka
  repository: https://charts.bitnami.com/bitnami
  version: 18.4.4
- name: minio
  repository: https://charts.min.io/
  version: 4.0.15
- name: postgresql
  repository: https://charts.bitnami.com/bitnami
  version: 11.9.2
digest: sha256:65c8e5599194fa162b499680c7dc21e495836c7369fc9dda89c43da6f38d291a
generated: "2022-09-29T17:42:14.938856089+02:00"
