dependencies:
- name: postgres
  repository: https://pluralsh.github.io/module-library
  version: 0.1.17
- name: redis
  repository: https://charts.bitnami.com/bitnami
  version: 17.9.5
- name: n8n
  repository: file://../../../../n8n-helm-chart
  version: 0.10.0
- name: test-base
  repository: https://pluralsh.github.io/module-library
  version: 0.1.10
digest: sha256:fc3a9af8f0ee854b2a4b489f2f4d171b5ba42145c9e1fea7f4fe4a8fdbf64582
generated: "2023-07-19T09:15:52.357311-04:00"
