dependencies:
- name: postgres
  repository: https://pluralsh.github.io/module-library
  version: 0.1.17
- name: redis
  repository: https://charts.bitnami.com/bitnami
  version: 17.9.5
- name: n8n
  repository: file://../../../../n8n-helm-chart
  version: 0.10.0
digest: sha256:fb88ddd868a26097e583a98cdf9f0d2d3cb6f89557e97182635c11f7a20623df
generated: "2023-04-17T16:37:07.926931-04:00"
