dependencies:
- name: postgres
  repository: https://pluralsh.github.io/module-library
  version: 0.1.17
- name: redis
  repository: https://charts.bitnami.com/bitnami
  version: 17.9.5
- name: n8n
  repository: https://pluralsh.github.io/plural-helm-charts
  version: 0.12.0
- name: test-base
  repository: https://pluralsh.github.io/module-library
  version: 0.1.10
digest: sha256:ba24b8f4783c55b92ba7e4e0e6360619c908578d56d362ff19b4c3d08ed8ac0a
generated: "2023-08-31T16:37:27.202397+02:00"
