dependencies:
- name: sentry
  repository: https://sentry-kubernetes.github.io/charts
  version: 19.0.0
- name: postgres
  repository: https://pluralsh.github.io/module-library
  version: 0.2.1
- name: rabbitmq
  repository: https://pluralsh.github.io/module-library
  version: 0.1.0
- name: clickhouse
  repository: https://pluralsh.github.io/module-library
  version: 0.1.2
digest: sha256:8a0bc605c91c2b03f11d49fe3f7514b596dd3c5dd387baab5dc31a290d9a71c6
generated: "2023-05-19T15:03:22.613898+02:00"
