dependencies:
- name: sentry
  repository: https://sentry-kubernetes.github.io/charts
  version: 19.0.0
- name: postgres
  repository: https://pluralsh.github.io/module-library
  version: 0.2.1
- name: rabbitmq
  repository: https://pluralsh.github.io/module-library
  version: 0.1.0
- name: clickhouse
  repository: https://pluralsh.github.io/module-library
  version: 0.2.2
digest: sha256:24eb2e2fe0e3d65619ee4a5d04882bf2cec99ac9856a0ff56cd3812a57988d5f
generated: "2023-06-21T19:44:22.167377+02:00"
