dependencies:
- name: sentry
  repository: https://pluralsh.github.io/plural-helm-charts
  version: 11.3.3
- name: postgres
  repository: https://pluralsh.github.io/module-library
  version: 0.1.13
- name: rabbitmq
  repository: https://pluralsh.github.io/module-library
  version: 0.1.0
digest: sha256:a6f313004f4a04708f794e65065069e31dfd3c286983a7b426f204d257db6650
generated: "2022-11-30T17:32:48.936765+01:00"
