artifact: {}
terraform:
  terraform/aws: h1:TjJvQtHroH1GA6u71f2hGlV43nKQCIWZqP0Jm+t58m4=
  terraform/azure: h1:jWyQiP2VWnslaOTNvBx9xrtP9ToaJTq7IAxB04WK5wA=
  terraform/gcp: h1:DoaptJC/2Ay58N1ziTGrvszZQvjA4QjxMwkkXTq9hO0=
helm:
  helm/gitlab: h1:vzk/ZU6dAMe6suFtchfo2rGrtDnGUnV8soz1yetkwwM=
recipe:
  plural/recipes/aws-gitlab.yaml: 25a504749242bb46731f61398e508ab2f7b0e94c2b4b0290654d2bc826d4c6aa
  plural/recipes/gcp-gitlab.yaml: 67d6505d43fff7441df02b53e8663a81341d1283c0bf96b80aa2503a12d6e9e5
integration: {}
crd: {}
ird: {}
tag:
  plural/tags/helm/gitlab.yml: 87417a1eb77d2e731698935c24facd0c9fba1b8ee34c2a31ce96861179cc5125
  plural/tags/terraform/aws.yml: b46befb9716e1f9ef21cec5ba614f4b1f039438af71c8e039140fdd64a67bb3d
  plural/tags/terraform/azure.yml: eb86a8273f31bda3c64704756f7d5d1c99c82ef048cf9b869c4be01f99a7431f
  plural/tags/terraform/gcp.yml: a5f9d2f77756067979a97968c715feb2a5c509805ee07a86aa32121e56ac976b
attrs:
  repository.yaml_Plural: C-3DMW7aDinwqvLGgF_mOIlYGhmAsxJG8L6aviTXYmU=
