artifact: {}
terraform:
  terraform/aws: h1:TjJvQtHroH1GA6u71f2hGlV43nKQCIWZqP0Jm+t58m4=
  terraform/azure: h1:jWyQiP2VWnslaOTNvBx9xrtP9ToaJTq7IAxB04WK5wA=
  terraform/gcp: h1:DoaptJC/2Ay58N1ziTGrvszZQvjA4QjxMwkkXTq9hO0=
helm:
  helm/gitlab: h1:vzk/ZU6dAMe6suFtchfo2rGrtDnGUnV8soz1yetkwwM=
recipe:
  plural/recipes/aws-gitlab.yaml: 491603794e4935bcecb3b0879ab3bf61aa4b1bc1e8b0c7c6d7cce5b3445ac10c
  plural/recipes/gcp-gitlab.yaml: feaa0a5129e9a4c8ca6bb17b4bea1aca74a3ea524045ec5f6c96d0738782c5d7
integration: {}
crd: {}
ird: {}
tag:
  plural/tags/helm/gitlab.yml: 87417a1eb77d2e731698935c24facd0c9fba1b8ee34c2a31ce96861179cc5125
  plural/tags/terraform/aws.yml: b46befb9716e1f9ef21cec5ba614f4b1f039438af71c8e039140fdd64a67bb3d
  plural/tags/terraform/azure.yml: eb86a8273f31bda3c64704756f7d5d1c99c82ef048cf9b869c4be01f99a7431f
  plural/tags/terraform/gcp.yml: a5f9d2f77756067979a97968c715feb2a5c509805ee07a86aa32121e56ac976b
