artifact: {}
terraform:
  terraform/aws: h1:sWZxaUCGXiZXc+6qN9/tVS4hIh9qGEX3CuXx8lKqKR4=
  terraform/azure: h1:jWyQiP2VWnslaOTNvBx9xrtP9ToaJTq7IAxB04WK5wA=
  terraform/gcp: h1:DoaptJC/2Ay58N1ziTGrvszZQvjA4QjxMwkkXTq9hO0=
helm:
  helm/gitlab: h1:UbjqmwSZ8UhY0245NfeEtxmDa7mrgQJUAvtgkggn1vE=
recipe:
  plural/recipes/aws-gitlab.yaml: 94f52cd00ae1f1fb39019410d31a6b8e91dfea8077883a39b2f7273945d3b0f2
  plural/recipes/gcp-gitlab.yaml: 034482b670c52d03ac8797b79acd0446109d750e7f0e26f4ac8e9b0105733149
integration: {}
crd: {}
ird: {}
tag:
  plural/tags/helm/gitlab.yml: 87417a1eb77d2e731698935c24facd0c9fba1b8ee34c2a31ce96861179cc5125
  plural/tags/terraform/aws.yml: b46befb9716e1f9ef21cec5ba614f4b1f039438af71c8e039140fdd64a67bb3d
  plural/tags/terraform/azure.yml: eb86a8273f31bda3c64704756f7d5d1c99c82ef048cf9b869c4be01f99a7431f
  plural/tags/terraform/gcp.yml: a5f9d2f77756067979a97968c715feb2a5c509805ee07a86aa32121e56ac976b
