artifact: {}
terraform:
  terraform/aws: h1:RjlRyHysAifovQ58GEWJN75eA8ciPlOXkHq2yvTF54U=
  terraform/azure: h1:4mpuP4YsjpB4gbI0FQqEBacYGsV2Sszrcs1iqJIEm18=
  terraform/gcp: h1:SqJ95YgGxj63LL03Xugk9Lwak3yIghu7d7a4jgALcxA=
helm:
  helm/sentry: h1:7X/dUDlWa9rGflH71F7hoPz1kQKyUZrgrofQzaZz16Y=
recipe:
  plural/recipes/aws-sentry.yaml: 5da7b3712f26391bb30d922ce8bc65bc8c892d10215d451e6ff42fc9b79da244
  plural/recipes/gcp-sentry.yaml: f510435d9e03c102adb3b1165de6d2936b181a24557f79e52bda216d855a02fc
integration: {}
crd: {}
ird: {}
tag:
  plural/tags/helm/sentry.yml: 4e83e1be1512d490197bda5edd59f23163b10da3a0fb644ab02825b6ce22aa68
  plural/tags/terraform/aws.yml: b46befb9716e1f9ef21cec5ba614f4b1f039438af71c8e039140fdd64a67bb3d
  plural/tags/terraform/azure.yml: eb86a8273f31bda3c64704756f7d5d1c99c82ef048cf9b869c4be01f99a7431f
  plural/tags/terraform/gcp.yml: a5f9d2f77756067979a97968c715feb2a5c509805ee07a86aa32121e56ac976b
