artifact: {}
terraform:
  terraform/aws: h1:FtYS1Tjmh/evkU6phy4vaWh5gURyJpDeaGCJrTMQ8b8=
  terraform/azure: h1:eItrN7DnakImS6kfrbW+f28s+czALcH4LHnslsnmsUY=
  terraform/gcp: h1:SqJ95YgGxj63LL03Xugk9Lwak3yIghu7d7a4jgALcxA=
helm:
  helm/sentry: h1:cDLXyek+jua3z//N2U2zxD4cAIODQTWwIXvvr9BP/zA=
recipe:
  plural/recipes/aws-sentry.yaml: e06836cb28c11c39d939df1e2689fc62577994327d53bdbbb13ea939aa934f5e
  plural/recipes/azure-sentry.yaml: 8bbb170c15e6de2b516561873da26907dd4b981f4503f81db92767bd9e308e40
  plural/recipes/gcp-sentry.yaml: 9f1fb68b9e9db51ac025cbc9d1f34c06a806717115e508d0359f59cb40559f1b
integration: {}
crd: {}
ird: {}
tag:
  plural/tags/helm/sentry.yml: 4e83e1be1512d490197bda5edd59f23163b10da3a0fb644ab02825b6ce22aa68
  plural/tags/terraform/aws.yml: b46befb9716e1f9ef21cec5ba614f4b1f039438af71c8e039140fdd64a67bb3d
  plural/tags/terraform/azure.yml: eb86a8273f31bda3c64704756f7d5d1c99c82ef048cf9b869c4be01f99a7431f
  plural/tags/terraform/gcp.yml: a5f9d2f77756067979a97968c715feb2a5c509805ee07a86aa32121e56ac976b
attrs:
  repository.yaml_Plural: BHTTnKch1PSLLkzV5bOzBYHt5PESZRFBr-BIEt_UlZM=
