artifact: {}
terraform:
  terraform/aws: h1:GxC9N+oL9ViTitkG9khvZw3qgFDsH1aOjWQS3D9cH3g=
  terraform/azure: h1:iSK+IdyrS3NMnoFP+SdUKMeU7ZdAj6JMkKyifwAgy1o=
  terraform/gcp: h1:rVoarImzapl4z3viyFhGsq1Dfkr9UKIM6L80rzkM0/Q=
helm:
  helm/kubecost: h1:MT0LtMhvBONqIuI9t8lvaXHWuEo2o+ItsflYARA+bVM=
recipe:
  plural/recipes/kubecost-aws.yaml: 3824e1f33c16128b609ff70783552c809e6f4290138b31ea833db01090509c5c
  plural/recipes/kubecost-azure.yaml: bed1fe13c1f31e299e9c56a9167f14853e93c54242edd9f0d3103d201efb5989
  plural/recipes/kubecost-gcp.yaml: ab8f3d971c959e9f0cba358637776f1278c32954ddfd5a17f492ba5b9ee7994f
integration: {}
crd: {}
ird: {}
tag:
  plural/tags/helm/kubecost.yaml: b4b601f7174ceb9af151ad2a73b2948cb9446a84b25a2a98141fa53dc727935a
  plural/tags/terraform/aws.yaml: 01c402c260cc7fe359d1ebc4302ff11539cfabbd5a82745907ad445914153bb7
  plural/tags/terraform/azure.yaml: 86b17dc5dcbc7d877dddbda68b790231f9f7eaa025d00471360108ccd5f42a07
  plural/tags/terraform/gcp.yaml: 3761f7e078206cf85f48969d231071adfb3b68ee68b7c68a2b50045e896a3288
attrs:
  repository.yaml_Plural: YJkPA3E_UHaGHQ5F_DOqCL64I4NbjlmzJUWr3AL5t9w=
