dependencies:
- name: postgres
  repository: https://pluralsh.github.io/module-library
  version: 0.2.1
- name: harbor
  repository: https://pluralsh.github.io/plural-helm-charts
  version: 1.12.1
digest: sha256:2128a8cd706f691053221ee69cf12e8ae58596722925153585bab7d6d2ca58b1
generated: "2023-05-03T12:47:46.582685+02:00"
