dependencies:
- name: config-overlays
  repository: https://pluralsh.github.io/module-library
  version: 0.1.1
- name: argo-cd
  repository: https://argoproj.github.io/argo-helm
  version: 5.46.7
- name: argocd-image-updater
  repository: https://argoproj.github.io/argo-helm
  version: 0.9.1
digest: sha256:ddca29854923a9940ed60d3122958c53d95971d6f7dd4d8cfe20551375d4c7a6
generated: "2023-10-06T16:25:15.809672+02:00"
