dependencies:
- name: kratos
  repository: https://k8s.ory.sh/helm/charts
  version: 0.32.0
- name: oathkeeper
  repository: https://k8s.ory.sh/helm/charts
  version: 0.32.0
- name: hydra
  repository: https://k8s.ory.sh/helm/charts
  version: 0.32.0
- name: kratos-selfservice-ui-node
  repository: https://k8s.ory.sh/helm/charts
  version: 0.32.0
- name: keto
  repository: https://k8s.ory.sh/helm/charts
  version: 0.32.0
- name: postgres
  repository: https://pluralsh.github.io/module-library
  version: 0.1.17
- name: postgres
  repository: https://pluralsh.github.io/module-library
  version: 0.1.17
- name: postgres
  repository: https://pluralsh.github.io/module-library
  version: 0.1.17
digest: sha256:fea136e92b6cd3f449526b22225115209bb5161d110fed5dfd15fd53427807e4
generated: "2023-05-02T13:10:37.671349+02:00"
