dependencies:
- name: common
  repository: https://charts.bitnami.com/bitnami
  version: 1.10.1
- name: postgresql
  repository: https://charts.bitnami.com/bitnami
  version: 10.13.8
- name: minio
  repository: https://charts.bitnami.com/bitnami
  version: 7.3.2
digest: sha256:bc74d387c6aa08dc01cd56a401f9742ba35f35564d77f0af4be33dcbf9d07c4f
generated: "2021-11-23T15:58:45.584932-05:00"
