dependencies:
- name: redash
  repository: https://getredash.github.io/contrib-helm-chart/
  version: 3.0.0
- name: postgres
  repository: https://pluralsh.github.io/module-library
  version: 0.1.17
digest: sha256:76b979277f2371f63cfb765a66cb98f02c2f6bb041b43b5b9f11ae4c78baa93e
generated: "2023-04-16T10:26:39.020279-04:00"
