dependencies:
- name: redash
  repository: https://getredash.github.io/contrib-helm-chart/
  version: 3.0.0
- name: postgres
  repository: https://pluralsh.github.io/module-library
  version: 0.1.5
digest: sha256:6381b48f6209857df54e6b44942bea60f51b390b8caabbe790f98d9cf5fc263e
generated: "2022-07-13T10:29:15.634045219+02:00"
