dependencies:
- name: redash
  repository: https://getredash.github.io/contrib-helm-chart/
  version: 3.0.0
- name: postgres
  repository: https://pluralsh.github.io/module-library
  version: 0.1.11
digest: sha256:7572b1bf6ceac5c554420a6517948ed1bdcac397e7842d12b07fe3682a24145b
generated: "2022-10-21T18:47:34.320145+02:00"
