dependencies:
- name: rook-ceph
  repository: https://charts.rook.io/release
  version: v1.8.2
- name: rook-ceph-cluster
  repository: https://charts.rook.io/release
  version: v1.8.9
digest: sha256:bcad5223f0dbf9d67f143cc93420e95fb91eebe77945e288ad7524adbd6e98e3
generated: "2022-04-26T09:17:43.273476599Z"
