dependencies:
- name: rook-ceph
  repository: https://charts.rook.io/release
  version: v1.8.9
- name: rook-ceph-cluster
  repository: https://charts.rook.io/release
  version: v1.8.2
digest: sha256:7c862ded984fbdd733f009484e88d3fc6389d5cd8eb685da6023619fdb385fff
generated: "2022-04-26T09:17:11.037730771Z"
