dependencies:
- name: cni
  repository: https://istio-release.storage.googleapis.com/charts
  version: 1.20.1
- name: ztunnel
  repository: https://istio-release.storage.googleapis.com/charts
  version: 1.20.1
digest: sha256:8b8e82bd564ae60e514e263ab189d9adb8950ea96328455b8db6942414296dcf
generated: "2024-01-02T12:39:06.271052+01:00"
