dependencies:
- name: jupyterhub
  repository: https://jupyterhub.github.io/helm-chart/
  version: 2.0.0
- name: postgres
  repository: https://pluralsh.github.io/module-library
  version: 0.1.17
digest: sha256:5cc77666884f44dcd87020a3d0a8707a7c25b2d0f26d15fa68ef4862cd74cff0
generated: "2023-04-17T21:47:25.167386-04:00"
