dependencies:
- name: grafana
  repository: https://grafana.github.io/helm-charts
  version: 6.52.4
- name: test-base
  repository: https://pluralsh.github.io/module-library
  version: 0.1.5
- name: postgres
  repository: https://pluralsh.github.io/module-library
  version: 0.1.16
digest: sha256:ef166b946c5b1d5abb195cc6df26c4dce8fae0f6bddf639786e829c3f6a9c9b1
generated: "2023-03-22T15:53:14.114070424Z"
