dependencies:
- name: base
  repository: https://istio-release.storage.googleapis.com/charts
  version: 1.19.0
- name: istiod
  repository: https://istio-release.storage.googleapis.com/charts
  version: 1.19.0
digest: sha256:9af8a05504305c68c87dd6195b63f1c2cf82e9fec521335bba19da353cee743e
generated: "2023-09-11T12:24:02.323413+02:00"
