dependencies:
- name: istio-operator
  repository: file://../../../../istio/manifests/charts/istio-operator
  version: 1.7.0
- name: jaeger
  repository: https://jaegertracing.github.io/helm-charts
  version: 0.46.4
- name: kiali-server
  repository: https://kiali.org/helm-charts
  version: 1.37.0
digest: sha256:abe7d94801030b956910e59508013c4fddb419339b3dd35d92d4c9cc9d473d2d
generated: "2021-07-23T14:48:09.802672775+02:00"
