artifact: {}
terraform:
  terraform/kube: h1:vMPDCNZkTRKGX1acVe7qsk54Ycy/8ML5L0RKUatL9QM=
helm:
  helm/istio: h1:2tdanqsYQjZNudK+ECgC/vWxhn1mr07z8kQF2Fyv1us=
recipe:
  plural/recipes/istio-aws.yaml: e13c66295deced76a374a5a5c1e3b6c4df0a77bb150fe7eb1cb77a60f315318c
integration: {}
crd:
  plural/crds/crd-all.gen.yaml: 108d7ce9a38ab7e40a2c899c2a29caaae25198f7c556cbfe7e3539f37d4ec415:h1:2tdanqsYQjZNudK+ECgC/vWxhn1mr07z8kQF2Fyv1us=
  plural/crds/crd-operator.yaml: e04f16e7af9591024ba31a5a956a7f18fe93ee65cc3e8311f4a31bcd5195672e:h1:2tdanqsYQjZNudK+ECgC/vWxhn1mr07z8kQF2Fyv1us=
ird: {}
tag:
  plural/tags/helm/istio.yaml: 7a04928ccc1ff18dfd45847813fdbf5006ac7b2f3a325080cb336141ab0b3b72
  plural/tags/terraform/kube.yaml: 92ef5c9d1ec51bcf6d917cf7bd8032649bda7e894cc2f47c398250c237c2b1a9
