artifact: {}
terraform:
  terraform/kube: h1:vMPDCNZkTRKGX1acVe7qsk54Ycy/8ML5L0RKUatL9QM=
helm:
  helm/istio: h1:tvSaFG5Gc7JjvYQl1jjqYSScA4xXY7e3f7VY/Lckb28=
recipe:
  plural/recipes/istio-aws.yaml: 634134ad786f530659d82673ae995061f38d1a4bd2e29ccd379d40fa2463711d
  plural/recipes/istio-azure.yaml: d30ea4075764af5ce8ea776141639a1d9a833fd88982c6b10d4f19d7ec9d1b16
integration: {}
crd:
  plural/crds/crd-all.gen.yaml: 108d7ce9a38ab7e40a2c899c2a29caaae25198f7c556cbfe7e3539f37d4ec415:h1:tvSaFG5Gc7JjvYQl1jjqYSScA4xXY7e3f7VY/Lckb28=
  plural/crds/crd-operator.yaml: e04f16e7af9591024ba31a5a956a7f18fe93ee65cc3e8311f4a31bcd5195672e:h1:tvSaFG5Gc7JjvYQl1jjqYSScA4xXY7e3f7VY/Lckb28=
ird: {}
tag:
  plural/tags/helm/istio.yaml: 7a04928ccc1ff18dfd45847813fdbf5006ac7b2f3a325080cb336141ab0b3b72
  plural/tags/terraform/kube.yaml: 92ef5c9d1ec51bcf6d917cf7bd8032649bda7e894cc2f47c398250c237c2b1a9
attrs:
  repository.yaml_Plural: M7EiaDeix-CD_jH9-Dlrwuu1oH8Bi-WCm4zax5Z8_OU=
