artifact: {}
terraform:
  terraform/aws: h1:fICsLgsEammwIifv2oKlrU9HRHkCYhi350FjgE20tOw=
  terraform/azure: h1:da51F5ArhFGEmTqm1rstRspp9I/uSk7fmJkfb/zArrk=
  terraform/gcp: h1:NEvZ/wudKfBixVwEj+nYlhkHYnNEG91ra1Do+zW6fNo=
helm:
  helm/airflow: h1:1ErohvkLwehXuE7mmtss82k/3G4M3eFOuiwD6xFEYqY=
recipe:
  forge/recipes/gcp-airflow.yaml: 4a61bee914e0e3cb3f703e054648781a437ffda570f5645b1a986fdafd1fa681
  plural/recipes/aws-airflow.yaml: 91134465866e316621b7546ff8516c73d74d7a87f2f2b5d8219374674479e7ef
  plural/recipes/gcp-airflow.yaml: babb6312da9b9ecc23053f97a6d89124afac860e9eb76f0ce3d182206199e955
integration: {}
crd: {}
ird: {}
