dependencies:
- name: postgresql
  repository: https://charts.bitnami.com/bitnami
  version: 10.2.8
- name: redis
  repository: https://charts.bitnami.com/bitnami
  version: 12.3.3
digest: sha256:c40e7f1e4396811f6904580df0023eade134227d482d42410553d008ac09afd7
generated: "2021-11-25T03:20:45.145041286Z"
