dependencies:
- name: postgresql
  repository: https://charts.bitnami.com/bitnami
  version: 10.2.0
- name: redis
  repository: https://charts.bitnami.com/bitnami
  version: 12.10.1
digest: sha256:c9dc1d375999fae6f9d5e98c5f22fbc119ad4527bf811164205305c57e0c6b29
generated: "2021-11-25T17:09:11.842884815Z"
