dependencies:
- name: postgresql
  repository: https://charts.bitnami.com/bitnami
  version: 10.13.8
- name: redis
  repository: https://charts.bitnami.com/bitnami
  version: 12.3.3
digest: sha256:e969303598352f7b5ab9976c3434bfde3d6d206b3059be7b1b01702ed4599644
generated: "2021-11-25T17:07:09.117599971Z"
