dependencies:
- name: airbyte
  repository: ""
  version: 0.3.0
- name: postgres
  repository: https://pluralsh.github.io/module-library
  version: 0.1.11
- name: oidc-config
  repository: https://pluralsh.github.io/module-library
  version: 0.1.6
- name: test-base
  repository: https://pluralsh.github.io/module-library
  version: 0.1.3
digest: sha256:ac80682971c3a8eb7c1a9ec1f45c77af19701705977d623ec54103a3f808a781
generated: "2022-10-21T16:22:56.060541+02:00"
