dependencies:
- name: airbyte
  repository: https://pluralsh.github.io/plural-helm-charts
  version: 0.40.41
- name: postgres
  repository: https://pluralsh.github.io/module-library
  version: 0.1.11
- name: oidc-config
  repository: https://pluralsh.github.io/module-library
  version: 0.1.6
- name: test-base
  repository: https://pluralsh.github.io/module-library
  version: 0.1.3
digest: sha256:5856f74958d751e13f6978dadff2f4788c76b976db8d612dc28070ec7fb27d03
generated: "2022-11-16T15:57:06.388861+01:00"
