artifact: {}
terraform:
  terraform/aws: h1:TPsN9lxfBfjzXZ18zPUvRC+hbgYw2yeBVI2FzRgh90c=
helm:
  helm/central-dashboard: h1:kyU+zF0UvaBExfIoXyPOwShEAtmcviwKY5rro8J8YX4=
  helm/katib: h1:q7G+/uGHl9w8wPqibb+/+tohX5ZnFfCExqV1y5MVJUk=
  helm/mysql-cluster: h1:ITIhvamfZqBkahuD+FdXKRx4X5uE7RMQFE7v5E9BDeI=
  helm/notebooks: h1:InriyyiW8jmHnHHYd4sgGYOY1jlUECdQw3RV3SlcRlo=
  helm/operators/mpi: h1:zkcrkR8qOfRhnulC+PCxY9xrX1Y5VO5W0MwB1AuGNY8=
  helm/operators/mxnet: h1:3TVyvRlMSVdCGFVE5Pnf/9L3MqdKl2n0YpGzhPnE1Yk=
  helm/operators/pytorch: h1:KRh+hGTYK9G4+ER8WSl7zsLGZHDQJGNfupT6ypDouS4=
  helm/operators/tensorflow: h1:toqrsNF9bD96nYXAu5N9wHnmJcfOhnBa7yBxYaXJ7aw=
  helm/operators/xgboost: h1:KaitX2yztaulcHy63YJ9gogrBf6K+97ApMc1pFJzYs4=
  helm/pipelines: h1:6jkQ326Db6V6+aqH1fnxBu9EY9l6PTPLtaL1J42R0dg=
  helm/profile-controller: h1:7CfpUrfejvLgtFCE0D1WDQI1D5u43gP6kS5ovkadHhQ=
  helm/serving: h1:1bruQzFSmjYZ3XJKm35bd4BAxOI4/oipbNog1AsD/rg=
  helm/tensorboards: h1:e+2xTYX53JCJ+0gIMvpcNJRTXqUzUrkoVnp9dscn+IE=
  helm/volumes: h1:416qzMUu2Ho+jBRoSYk1oOoKKkbtigAhOWpl0AhfKaI=
recipe:
  plural/recipes/kubeflow-aws.yaml: ab0e496a1d89fad3533bbcdb3a247b1aa7dd2bd6465074fdb1c9aa907e778fd0
integration: {}
crd:
  plural/crds/profile-controller/profiles.yaml: b3097e7bce72e61f2f0eca692594fc5301e681c36f08ed38e205d406af99f6d4:h1:7CfpUrfejvLgtFCE0D1WDQI1D5u43gP6kS5ovkadHhQ=
  plural/crds/profiles.yaml: b3097e7bce72e61f2f0eca692594fc5301e681c36f08ed38e205d406af99f6d4:h1:93j96nnXsNghvBD0sKNWoSPnNA7RDVtLRAoaPYAVaOg=
ird: {}
tag: {}
attrs: {}
