artifact: {}
terraform:
  terraform/aws: h1:1tM5VCmchCfOZXU8PDR8MccwUDeGHP/SDPxWdtY6wFM=
helm:
  helm/central-dashboard: h1:aFI3R7JtMKkRd2NkpZCXNQSWyGwDLi1pVtl+7wW0ovU=
  helm/katib: h1:r+9vbxJQ41xpK6TWlVXC19m7bTQfyC95bNO/FQEJOPo=
  helm/mysql-cluster: h1:ITIhvamfZqBkahuD+FdXKRx4X5uE7RMQFE7v5E9BDeI=
  helm/notebooks: h1:nw7Y6KvtgKgEO0JgavSQGDA++75fgPfKvdEU7l3Orlw=
  helm/operators/mpi: h1:oy9WH4CdcBSjovxHIR4V5kTLFV2Z9BEN/DCfCgJ++4o=
  helm/operators/mxnet: h1:3TVyvRlMSVdCGFVE5Pnf/9L3MqdKl2n0YpGzhPnE1Yk=
  helm/operators/pytorch: h1:KRh+hGTYK9G4+ER8WSl7zsLGZHDQJGNfupT6ypDouS4=
  helm/operators/tensorflow: h1:toqrsNF9bD96nYXAu5N9wHnmJcfOhnBa7yBxYaXJ7aw=
  helm/operators/xgboost: h1:KaitX2yztaulcHy63YJ9gogrBf6K+97ApMc1pFJzYs4=
  helm/pipelines: h1:cC7J0dxFmb72tvchLxQrwLxBXKj75eC8u1u6WgfHjOM=
  helm/profile-controller: h1:sj8K8NEmy5AWuTxlgmBK5ERSsTSvo3UtE61pUqgTSWg=
  helm/serving: h1:uUTbqfcxmR/CsLHRnmHy7ZAIx+8oWw2NapMH0ldFebs=
  helm/tensorboards: h1:e+2xTYX53JCJ+0gIMvpcNJRTXqUzUrkoVnp9dscn+IE=
  helm/volumes: h1:416qzMUu2Ho+jBRoSYk1oOoKKkbtigAhOWpl0AhfKaI=
recipe:
  plural/recipes/kubeflow-aws.yaml: eeb0755723f0a6e0dca550daac4a256c7c5d6a1556b0a1e0ec4b4f074e36d916
integration: {}
crd:
  plural/crds/profile-controller/profiles.yaml: b3097e7bce72e61f2f0eca692594fc5301e681c36f08ed38e205d406af99f6d4:h1:sj8K8NEmy5AWuTxlgmBK5ERSsTSvo3UtE61pUqgTSWg=
  plural/crds/profiles.yaml: b3097e7bce72e61f2f0eca692594fc5301e681c36f08ed38e205d406af99f6d4:h1:93j96nnXsNghvBD0sKNWoSPnNA7RDVtLRAoaPYAVaOg=
ird: {}
tag: {}
attrs: {}
