artifact: {}
terraform:
  terraform/aws: h1:9/KsH0dWMpcHQtqZJuuLClL6sLSrcn+vLLTRUUyrM4c=
  terraform/azure: h1:ZroEiBilMYZiDU8PF6I+5qUIEZmUKrqFN61DGJ2QAP4=
  terraform/gcp: h1:YTL+42F9w18tifkJSdhgEX6MYoGLTwTYGbm5R6tVVew=
helm:
  helm/console: h1:cdFcUc9JMEjYvWHmOVbL7Jgcps2QkAN0emKvczxXJD8=
recipe:
  plural/recipe/console-aws.yaml: 8205affaf3aefaa5f26cb372bbe3fe3a7ded6d41e9484563fbe132d9767221fd
  plural/recipe/console-azure.yaml: 9ce57a44c33095a351c3506a2870698956c705de7f652f84446fd057e8ffcc1d
  plural/recipe/console-gcp.yaml: fd43985f7a6ccef7f916c0ef035b485b4b186f0a52904b79261a64049dc085ba
integration: {}
crd: {}
ird: {}
tag:
  plural/tags/helm/console.yml: f98350faba1d6fb33c009870e1f116b23485bff75394cd6905865b2bf28642d1
  plural/tags/terraform/aws.yml: b46befb9716e1f9ef21cec5ba614f4b1f039438af71c8e039140fdd64a67bb3d
  plural/tags/terraform/azure.yml: eb86a8273f31bda3c64704756f7d5d1c99c82ef048cf9b869c4be01f99a7431f
  plural/tags/terraform/gcp.yml: a5f9d2f77756067979a97968c715feb2a5c509805ee07a86aa32121e56ac976b
