artifact: {}
terraform:
  terraform/aws: h1:YAdJZfFfjoUBLmwEA+mY6ZQyuGYtBsrzZdPt/7CX+yo=
  terraform/gcp: h1:qxC1vDltyRUnlKQJzRSrc15TX0Mn528/XaYgpJJmS8A=
helm:
  helm/console: h1:rncxNwMfFEECW88QQBOkvf9N42mV1VrfPKFIrwNXFqU=
recipe:
  plural/recipe/console-aws.yaml: 5c26130b6fc7b37bd4917eaa4804608f42390fedd8aeb80257837c1ae1e06ea9
  plural/recipe/console-gcp.yaml: f5fcbc6063a83e91f2ef8a52004966b42fdc6bea6708521eb116129bfc0cfea6
integration: {}
crd: {}
ird: {}
