artifact: {}
terraform:
  terraform/aws: h1:FVInZi+LvO9re8hA+WAn/7laxMCWofwAFKbAPz+j4yE=
  terraform/azure: h1:ZGPWr2FsR4MfT2TJA/q13zEP0EimGsH8Xqvg9qMbj94=
  terraform/gcp: h1:dNW+CnPj0c6GaxXvJaofzpoVBt2Klk0KNawe9Rypkow=
helm:
  helm/console: h1:lFiWdBs4wcUhNHhhC1s0bddpgRwrpnZ/8dyp+1/QIT0=
recipe:
  plural/recipe/console-aws.yaml: a8e4872e3956918f87da7ef5a92991308bc29be8f9085bb6734e2f691cf2759a
  plural/recipe/console-azure.yaml: 4357f0057db31a857aa4241affdb816fa1681df6fb4ec00695a298eb84c1587f
  plural/recipe/console-gcp.yaml: 17ae03ebb5153b1e2d4f5f03453f2466bfb2016f77aa81dac43346c79f1375b4
integration: {}
crd: {}
ird: {}
tag:
  plural/tags/helm/console.yml: f98350faba1d6fb33c009870e1f116b23485bff75394cd6905865b2bf28642d1
  plural/tags/terraform/aws.yml: b46befb9716e1f9ef21cec5ba614f4b1f039438af71c8e039140fdd64a67bb3d
  plural/tags/terraform/azure.yml: eb86a8273f31bda3c64704756f7d5d1c99c82ef048cf9b869c4be01f99a7431f
  plural/tags/terraform/gcp.yml: a5f9d2f77756067979a97968c715feb2a5c509805ee07a86aa32121e56ac976b
attrs:
  repository.yaml_Plural: U7NWTWNU9UsbmW0Pxe1cte1devgTISPAyWYtnkDBJ0U=
