artifact: {}
terraform:
  terraform/aws: h1:JFezaFt5Y7y7MpZx8lGSnQb6zY20b7TllvM3hCNS+h0=
  terraform/azure: h1:QiGCixnhWQQBnhParJZlcBJ3ru5cjyfKHeE1vNYhG0w=
  terraform/gcp: h1:xQ4E8MOEgJ6fCw76yty76ywuWKY00WAIQzrefpqIVUg=
helm:
  helm/ghost: h1:IsaSVA/i4PeoC1ERMDmVO8rxACTF24k9utSmLUGLQqQ=
recipe:
  plural/recipes/ghost-aws.yaml: 1b0d00fcb2235b4bc1dde245523e473eb6b0b8b9409c28341359459f42db3ccd
  plural/recipes/ghost-azure.yaml: 8e8d2dca77d9bd84b1c03c97aa5f446b9d6862ac1de1c322cc54ddd318391e01
  plural/recipes/ghost-gcp.yaml: 6b5409839d4f5244c85188d4f860c88b6747dfca584440e9dcbd87a076da5b0c
integration: {}
crd: {}
ird: {}
tag:
  plural/tags/helm/ghost.yaml: 4431371f2e13371eee1090adc1ee20ab30bd4033b9278d738107fd2f104f6799
  plural/tags/terraform/aws.yaml: 01c402c260cc7fe359d1ebc4302ff11539cfabbd5a82745907ad445914153bb7
  plural/tags/terraform/azure.yaml: 86b17dc5dcbc7d877dddbda68b790231f9f7eaa025d00471360108ccd5f42a07
  plural/tags/terraform/gcp.yaml: 3761f7e078206cf85f48969d231071adfb3b68ee68b7c68a2b50045e896a3288
attrs:
  repository.yaml_Plural: X8PkHGJmM-hCZ5DXbjYd1zWbD30E-H1zeZjs0tr7pMw=
