artifact: {}
terraform:
  terraform/aws: h1:6gb6LiSzLndhCIhUCwzszR9xXID39iq32k0YkYfoN+0=
  terraform/azure: h1:yZyl+PThZHBDNxIvKUx9V5C4wM8m+xmh4HFYmXJHGwg=
  terraform/gcp: h1:Er6eTB0w67NTjpK3WV/L149BWG4iQTO2Ru4YwjeEtQg=
helm:
  helm/argo-cd: h1:7Nl0z6+LXyb04arIloEyu1KjXBbJidSmuq8YPVH1ei8=
recipe:
  plural/recipes/argo-cd-aws.yaml: 9742ff9c45b9dbb3b403ac1b8cd062de24f941499e6d7fadd9a29863ad40ec23
  plural/recipes/argo-cd-azure.yaml: cb2f06cfa878e896acfe02ceb4d696f99e6e772d1b7d8f1243abd998723edfb1
  plural/recipes/argo-cd-gcp.yaml: 4f5dfc2999bd588405d550640d9798dd9f1384c040dafc9d936dde99e11aa2fe
integration: {}
crd:
  plural/crds/crd-application.yaml: b947869a3c2ebe23658bbc7fbaa859356ffdf4c43ff4e6a97afc6882f983e361:h1:7Nl0z6+LXyb04arIloEyu1KjXBbJidSmuq8YPVH1ei8=
  plural/crds/crd-project.yaml: db83363cb8cfe305fc3bcfbbff07a09a288068ccb182f2e0a3cd1d762dd0dae4:h1:7Nl0z6+LXyb04arIloEyu1KjXBbJidSmuq8YPVH1ei8=
ird: {}
tag:
  plural/tags/helm/argo-cd.yaml: c5b6d1286c0300a427bc502b377fe1f3c9ccf0f9cb70b71dbcb867a32b51843d
  plural/tags/terraform/aws.yaml: 01c402c260cc7fe359d1ebc4302ff11539cfabbd5a82745907ad445914153bb7
  plural/tags/terraform/azure.yaml: 86b17dc5dcbc7d877dddbda68b790231f9f7eaa025d00471360108ccd5f42a07
  plural/tags/terraform/gcp.yaml: 3761f7e078206cf85f48969d231071adfb3b68ee68b7c68a2b50045e896a3288
