artifact: {}
terraform:
  terraform/aws: h1:6gb6LiSzLndhCIhUCwzszR9xXID39iq32k0YkYfoN+0=
  terraform/azure: h1:yZyl+PThZHBDNxIvKUx9V5C4wM8m+xmh4HFYmXJHGwg=
  terraform/gcp: h1:Er6eTB0w67NTjpK3WV/L149BWG4iQTO2Ru4YwjeEtQg=
helm:
  helm/argo-cd: h1:136q6zn5HVVyIHA1DnzGioH3snzj5+8lISdfx0ec6g0=
  helm/argocd: h1:SqkINfPBn5RChUe+33RMieq4bBRSS1A+96+7UY1mPnk=
recipe:
  plural/recipes/argo-cd-aws.yaml: 175815c115a2758628a14de67e34bfabd4d24807d169d92cb64c5b053c446a13
  plural/recipes/argo-cd-azure.yaml: 5d36de10cb765d937d98e2c63f57be5d7997f45ad717cf88f0366acf132c7404
  plural/recipes/argo-cd-gcp.yaml: 9a8df4d1b27291cad79ed0394b34f8ee69d5a6f0718d107298eaa7815e1d083c
integration: {}
crd:
  plural/crds/crd-application.yaml: b947869a3c2ebe23658bbc7fbaa859356ffdf4c43ff4e6a97afc6882f983e361:h1:SqkINfPBn5RChUe+33RMieq4bBRSS1A+96+7UY1mPnk=
  plural/crds/crd-project.yaml: db83363cb8cfe305fc3bcfbbff07a09a288068ccb182f2e0a3cd1d762dd0dae4:h1:SqkINfPBn5RChUe+33RMieq4bBRSS1A+96+7UY1mPnk=
ird: {}
tag:
  plural/tags/helm/argo-cd.yaml: c5b6d1286c0300a427bc502b377fe1f3c9ccf0f9cb70b71dbcb867a32b51843d
  plural/tags/helm/argocd.yaml: f9add888614a6e14713b9c60cad855eceb097ed725be5bf9590ac60994ed9859
  plural/tags/terraform/aws.yaml: 01c402c260cc7fe359d1ebc4302ff11539cfabbd5a82745907ad445914153bb7
  plural/tags/terraform/azure.yaml: 86b17dc5dcbc7d877dddbda68b790231f9f7eaa025d00471360108ccd5f42a07
  plural/tags/terraform/gcp.yaml: 3761f7e078206cf85f48969d231071adfb3b68ee68b7c68a2b50045e896a3288
