dependencies:
- name: grafana-agent
  repository: https://grafana.github.io/helm-charts
  version: 0.15.0
- name: grafana-agent
  repository: https://grafana.github.io/helm-charts
  version: 0.15.0
digest: sha256:ef179d63825987d731a9dd6d7ca67cde531c8f0bb4b60042e2cb649a110ac0c3
generated: "2023-06-19T14:13:52.425529+02:00"
