dependencies:
- name: grafana-agent
  repository: https://grafana.github.io/helm-charts
  version: 0.16.0
- name: grafana-agent
  repository: https://grafana.github.io/helm-charts
  version: 0.16.0
digest: sha256:734095ac01709cd7ddbfddd4e740af67cecc2ff6c14cc5d3da2585bec5e7f434
generated: "2023-07-10T14:23:30.603091+02:00"
