dependencies:
- name: postgres
  repository: https://pluralsh.github.io/module-library
  version: 0.2.1
- name: yatai
  repository: https://bentoml.github.io/helm-charts
  version: 1.1.9
- name: yatai-deployment
  repository: https://bentoml.github.io/helm-charts
  version: 1.1.10
- name: yatai-deployment-crds
  repository: https://bentoml.github.io/helm-charts
  version: 1.1.10
- name: yatai-image-builder
  repository: https://bentoml.github.io/helm-charts
  version: 1.1.4
- name: yatai-image-builder-crds
  repository: https://bentoml.github.io/helm-charts
  version: 1.1.4
digest: sha256:965eeda47ac6887fc33ed1500dd78ac7dbc3469d90737b3e7c35744a2e37ec63
generated: "2023-05-04T22:10:10.833819+02:00"
