dependencies:
- name: external-dns
  repository: https://raw.githubusercontent.com/bitnami/charts/archive-full-index/bitnami
  version: 4.11.0
- name: metrics-server
  repository: https://raw.githubusercontent.com/bitnami/charts/archive-full-index/bitnami
  version: 5.8.7
- name: cert-manager
  repository: https://charts.jetstack.io
  version: v1.8.2
- name: cluster-autoscaler
  repository: https://pluralsh.github.io/plural-helm-charts
  version: 9.11.0
- name: aws-ebs-csi-driver
  repository: https://kubernetes-sigs.github.io/aws-ebs-csi-driver
  version: 2.6.2
- name: snapshot-validation-webhook
  repository: https://piraeus.io/helm-charts/
  version: 1.2.1
- name: snapshot-controller
  repository: https://piraeus.io/helm-charts/
  version: 1.2.1
digest: sha256:2d0ded09ef5d6696336db4d6b52ee0cfe55ecf296d0ec9a9072a6ea24043ce50
generated: "2022-09-13T15:46:28.441948+02:00"
