dependencies:
- name: external-dns
  repository: https://charts.bitnami.com/bitnami
  version: 4.11.0
- name: metrics-server
  repository: https://charts.bitnami.com/bitnami
  version: 5.8.7
- name: cert-manager
  repository: https://charts.jetstack.io
  version: v1.6.1
- name: cluster-autoscaler
  repository: https://pluralsh.github.io/plural-helm-charts
  version: 9.11.0
- name: aws-load-balancer-controller
  repository: https://aws.github.io/eks-charts
  version: 1.2.3
- name: aws-ebs-csi-driver
  repository: https://kubernetes-sigs.github.io/aws-ebs-csi-driver
  version: 2.5.1
- name: snapshot-validation-webhook
  repository: https://piraeus.io/helm-charts/
  version: 1.2.1
- name: snapshot-controller
  repository: https://piraeus.io/helm-charts/
  version: 1.2.1
- name: tigera-operator
  repository: https://docs.projectcalico.org/charts
  version: v3.21.3
digest: sha256:65c8a7bca028a4f518603b42f45e8fe53857f4d806a18943ce0b6a21fafc89af
generated: "2022-01-25T22:05:15.199513-05:00"
