dependencies:
- name: external-dns
  repository: https://charts.bitnami.com/bitnami
  version: 4.11.0
- name: metrics-server
  repository: https://charts.bitnami.com/bitnami
  version: 5.8.7
- name: cert-manager
  repository: https://charts.jetstack.io
  version: v1.4.0
- name: cluster-autoscaler
  repository: https://kubernetes.github.io/autoscaler
  version: 9.9.2
- name: kubed
  repository: https://charts.appscode.com/stable
  version: v0.13.0-beta.0
- name: aws-load-balancer-controller
  repository: https://aws.github.io/eks-charts
  version: 1.2.3
- name: aws-ebs-csi-driver
  repository: https://kubernetes-sigs.github.io/aws-ebs-csi-driver
  version: 2.3.0
- name: snapshot-validation-webhook
  repository: https://piraeus.io/helm-charts/
  version: 1.2.1
- name: snapshot-controller
  repository: https://piraeus.io/helm-charts/
  version: 1.2.1
digest: sha256:0b6d130c0882c78065c200d8cfd7749a3462a979100d546d18825fe361c8f5ae
generated: "2021-10-12T17:08:33.801259539+02:00"
