dependencies:
- name: sftpgo
  repository: https://charts.sagikazarmark.dev
  version: 0.15.0
- name: postgres
  repository: https://pluralsh.github.io/module-library
  version: 0.1.17
digest: sha256:a9c2e6f74754d9840bc5a4694be9c09909c1824f91df6169f11c5db80da3d5b7
generated: "2023-04-16T10:55:29.031033-04:00"
