dependencies:
- name: postgres
  repository: https://pluralsh.github.io/module-library
  version: 0.1.16
- name: oidc-config
  repository: https://pluralsh.github.io/module-library
  version: 0.1.6
- name: dagster
  repository: https://dagster-io.github.io/helm
  version: 1.5.13
- name: config-overlays
  repository: https://pluralsh.github.io/module-library
  version: 0.1.1
- name: test-base
  repository: https://pluralsh.github.io/module-library
  version: 0.1.10
digest: sha256:b55f79ed395fc483deeddd1dad24b15d6ef6e8653c7f739dbff1953003ce8915
generated: "2023-12-28T11:19:15.867896+01:00"
