dependencies:
- name: postgres
  repository: https://pluralsh.github.io/module-library
  version: 0.1.16
- name: oidc-config
  repository: https://pluralsh.github.io/module-library
  version: 0.1.7
- name: dagster
  repository: https://dagster-io.github.io/helm
  version: 1.7.16
- name: config-overlays
  repository: https://pluralsh.github.io/module-library
  version: 0.1.1
- name: test-base
  repository: https://pluralsh.github.io/module-library
  version: 0.1.10
digest: sha256:673cfb601c378cf694233132437503a75fbac3f37d7c3d8100ad3b19e9995e5a
generated: "2024-08-02T16:57:05.141015+02:00"
