artifact: {}
terraform:
  terraform/aws: h1:X994O2rnhyvpRtYUL3aD5gH00DBWdmb435G05s5lUUc=
  terraform/azure: h1:os+ttGQ8TeC4EDQE/pwAxIyGylkAkAGWRIQjhoFDYgc=
  terraform/gcp: h1:otiyICEazr8I7Z4s5wSr3MPWAzXXKULv+O8c7ufEKvw=
helm:
  helm/minio: h1:SJSL9XZFyap15WASnlygPEmRbYtsjSHtZKptGj/svro=
recipe:
  plural/recipes/minio-aws.yaml: 605393dcb90b6cef32065c402102765cd8aa59f6a9b49691713c9789397dcb78
  plural/recipes/minio-azure.yaml: 0d58d30f23f4621830dc864b03e529d4e43d0060444354952a490b936611176c
  plural/recipes/minio-gcp.yaml: bee546cdd8da091c9b19928b33529c872c93d66c6b91a7c23f46314fc7c2aedb
integration: {}
crd: {}
ird: {}
tag:
  plural/tags/helm/minio.yaml: a874ce6addd8ebd36c065b552cde4c5ad48ea6e42db4b25a94b8a4b3d1583804
  plural/tags/terraform/aws.yaml: 01c402c260cc7fe359d1ebc4302ff11539cfabbd5a82745907ad445914153bb7
  plural/tags/terraform/azure.yaml: 86b17dc5dcbc7d877dddbda68b790231f9f7eaa025d00471360108ccd5f42a07
  plural/tags/terraform/gcp.yaml: 3761f7e078206cf85f48969d231071adfb3b68ee68b7c68a2b50045e896a3288
attrs: {}
