dependencies:
- name: hasura
  repository: https://pluralsh.github.io/plural-helm-charts
  version: 2.7.5
- name: postgres
  repository: https://pluralsh.github.io/module-library
  version: 0.1.12
digest: sha256:634c98a7d6d2db893a16a4b4d7c60e62526fa2fa678cf08e73c5e2dba1495ded
generated: "2022-11-07T14:18:25.208583071+01:00"
