dependencies:
- name: hasura
  repository: https://hasura-extra.github.io/hasura-extra
  version: 2.7.0
- name: postgres
  repository: https://pluralsh.github.io/module-library
  version: 0.1.11
digest: sha256:bf55a3e16f0bd3e004f75995a0bb57fed2d3a74ce8a478d493477ecc829fcc7d
generated: "2022-10-25T17:59:19.003541706+02:00"
