dependencies:
- name: hasura
  repository: https://pluralsh.github.io/plural-helm-charts
  version: 2.7.5
- name: postgres
  repository: https://pluralsh.github.io/module-library
  version: 0.1.13
digest: sha256:5a3cacc5ebe7ecbcd65fdf5cb10a6aae47a4d8d0998c52cbd17e914bdb3b6ae0
generated: "2022-11-15T13:46:14.184481919+01:00"
