artifact: {}
terraform:
  terraform/aws: h1:Y4ScoImCSFDgQaDdRT9eFcjbL9nixq7Dcv0U3YJXZco=
  terraform/azure: h1:oiuN9zkJR8BmE8Ggea7pwqvuxglQmFTaf7WGIANu1pc=
  terraform/gcp: h1:qx17LeJjEjgffmfiTl7qvy6NLuKz/hRGrrDUszKDoPk=
helm:
  helm/postgres: h1:BiY9NOkEnnytbRsqJ9KAOGG8awmWM7Vj/iQ0ff50qf0=
recipe:
  plural/recipes/aws-postgres.yaml: c1d6d4aee995b4e5803f987c0d96a9ff68aa75d01e77446d5f418b051ce39585
  plural/recipes/gcp-postgres.yaml: a44a2585d41b3657912242b0d6b139b8dae972dcacdbba47043a426df65a448c
integration: {}
crd:
  plural/crds/operatorconfigurations.yaml: c564bf334fa94ba84e4328b4af2bc09e0332ac5bb5fb77deab2f0bccf1222afc:h1:BiY9NOkEnnytbRsqJ9KAOGG8awmWM7Vj/iQ0ff50qf0=
  plural/crds/postgresqls.yaml: 5e9d2ea6add79e99b2cf474150de2d83c22a4d022b524f56ac62a907b69cfb31:h1:BiY9NOkEnnytbRsqJ9KAOGG8awmWM7Vj/iQ0ff50qf0=
  plural/crds/postgresteams.yaml: f1917a7672c8c1739708107e46c0c56bcd1fffbaa6f77ad85db574f112bc4e02:h1:BiY9NOkEnnytbRsqJ9KAOGG8awmWM7Vj/iQ0ff50qf0=
ird: {}
tag:
  plural/tags/helm/postgres.yml: 0785ab7d72b8c8c74d820838ed404a2e84ccba96a4bde8f490cde7fe17380906
  plural/tags/terraform/aws.yml: b46befb9716e1f9ef21cec5ba614f4b1f039438af71c8e039140fdd64a67bb3d
  plural/tags/terraform/azure.yml: eb86a8273f31bda3c64704756f7d5d1c99c82ef048cf9b869c4be01f99a7431f
  plural/tags/terraform/gcp.yml: a5f9d2f77756067979a97968c715feb2a5c509805ee07a86aa32121e56ac976b
