dependencies:
- name: postgres
  repository: https://pluralsh.github.io/module-library
  version: 0.1.17
- name: rabbitmq
  repository: https://pluralsh.github.io/module-library
  version: 0.1.0
- name: oncall
  repository: https://grafana.github.io/helm-charts
  version: 1.1.41
digest: sha256:74154d3d34158551b567bd299a46dd1b7468864fa8602ce549e51dda1f1d7daf
generated: "2023-07-05T16:31:56.404924223Z"
