dependencies:
- name: postgres
  repository: https://pluralsh.github.io/module-library
  version: 0.1.16
- name: unleash
  repository: https://docs.getunleash.io/helm-charts
  version: 2.8.0
digest: sha256:552bc226be5e707e130af94d16402b37a8588fe3be7c7eca90dd275ffa3a2cd3
generated: "2023-04-15T05:20:25.085317+02:00"
