dependencies:
- name: datahub
  repository: https://helm.datahubproject.io
  version: 0.2.109
- name: postgres
  repository: https://pluralsh.github.io/module-library
  version: 0.1.10
digest: sha256:f8c722c40f097606d83a19be8d86f22b7aad1996dac97e43ead8f3f6c2655f5d
generated: "2022-10-21T15:23:51.441662+02:00"
