dependencies:
- name: datahub
  repository: https://helm.datahubproject.io
  version: 0.2.105
- name: postgres
  repository: https://pluralsh.github.io/module-library
  version: 0.1.6
digest: sha256:b6b7ae77ceac28775654f6c8642368c75bdfecf3510bc6edb445d6472b76128f
generated: "2022-10-05T14:57:31.543824+02:00"
