artifact: {}
terraform:
  terraform/kube: h1:Tk2i0H2YUhAZqzsR5l2WMF+JLWvuuBQelVX6bH6Im+g=
helm:
  helm/redis: h1:tDa0GNo0L/ovSUG6CSYgh1iPEy9/oXPCRxT8suBOLJc=
  helm/redis-cluster: h1:dLUjkbtCx8SHjp4+FAR8VqMOjzXZt2cktfT3OOJYwcU=
recipe:
  plural/recipes/aws-redis.yaml: cc2e9e05fb24497f30906f2ac5250207eb2b4103a48a6f5e509ba32a82c7f119
  plural/recipes/azure-redis.yaml: e5241bba5f35a3da7512e15dadb24b32ea59a8b7540c1c174ab00fa269ff7bb3
  plural/recipes/gcp-redis.yaml: 5d9ed500168025c9310069ce05c2a76912181a97d77816ce04357759372b7c9c
integration: {}
crd: {}
ird: {}
tag: {}
