dependencies:
- name: config-overlays
  repository: https://pluralsh.github.io/module-library
  version: 0.1.1
- name: airflow
  repository: https://airflow-helm.github.io/charts
  version: 8.5.2
digest: sha256:a305e416f48e47a7b0e1638c7d5b485036558c9c7ac94768f5edada15a683575
generated: "2022-02-26T14:35:50.146363-05:00"
