artifact: {}
terraform:
  terraform/aws: h1:mw1JfLWRuXPXbucU41H404kO2iRN2+gfXnULuQD41DU=
  terraform/gcp: h1:ropodvdgaQhtWl7yoa3e7T94uGr7CK/eKDeVFjo5oHE=
helm:
  helm/plural: h1:+DLeQ16MrwPyfvRBnb848nFmEpdopSjmV0/So00f9Zs=
recipe:
  plural/recipes/aws.yaml: d778d1398f6ee638a6a0d2721e94e2a1b890e78941ce13d72ce9e6cbbe3b6ba6
  plural/recipes/gcp.yaml: 187d61aeac26ee83024fe70d2a8811af831c01f7817b89279ce03a81bbc2eb58
integration: {}
crd: {}
ird: {}
